// !$*UTF8*$!
{
	archiveVersion = 1;
	classes = {
	};
	objectVersion = 55;
	objects = {

/* Begin PBXBuildFile section */
		5A005A76A4D8C92E8AF35517 /* Pods_VKAppFeed.framework in Frameworks */ = {isa = PBXBuildFile; fileRef = 1E6DD2B7959CFE9CC0E27A85 /* Pods_VKAppFeed.framework */; };
		F0164A8E27AC475F008CBA53 /* UserRresponse.swift in Sources */ = {isa = PBXBuildFile; fileRef = F0164A8D27AC475F008CBA53 /* UserRresponse.swift */; };
		F0164A9127B167DD008CBA53 /* FooterView.swift in Sources */ = {isa = PBXBuildFile; fileRef = F0164A9027B167DD008CBA53 /* FooterView.swift */; };
		F0164A9327B170C9008CBA53 /* Localizable.stringsdict in Resources */ = {isa = PBXBuildFile; fileRef = F0164A9227B170C9008CBA53 /* Localizable.stringsdict */; };
		F0164A9527B1ABD5008CBA53 /* GradientView.swift in Sources */ = {isa = PBXBuildFile; fileRef = F0164A9427B1ABD5008CBA53 /* GradientView.swift */; };
		F04DF3F127AC26DE00B69DDB /* NewsFeedInteractor.swift in Sources */ = {isa = PBXBuildFile; fileRef = F04DF3F027AC26DE00B69DDB /* NewsFeedInteractor.swift */; };
		F04DF3F327AC26FA00B69DDB /* NewsFeedModels.swift in Sources */ = {isa = PBXBuildFile; fileRef = F04DF3F227AC26FA00B69DDB /* NewsFeedModels.swift */; };
		F04DF3F527AC270700B69DDB /* NewsFeedPresenter.swift in Sources */ = {isa = PBXBuildFile; fileRef = F04DF3F427AC270700B69DDB /* NewsFeedPresenter.swift */; };
		F04DF3F727AC271600B69DDB /* NewsFeedRouter.swift in Sources */ = {isa = PBXBuildFile; fileRef = F04DF3F627AC271600B69DDB /* NewsFeedRouter.swift */; };
		F04DF3F927AC272500B69DDB /* NewsFeedViewController.swift in Sources */ = {isa = PBXBuildFile; fileRef = F04DF3F827AC272500B69DDB /* NewsFeedViewController.swift */; };
		F04DF3FB27AC273400B69DDB /* NewsFeedWorker.swift in Sources */ = {isa = PBXBuildFile; fileRef = F04DF3FA27AC273400B69DDB /* NewsFeedWorker.swift */; };
		F0C48DF0279D637E0011041D /* AuthenticationService.swift in Sources */ = {isa = PBXBuildFile; fileRef = F0C48DEF279D637E0011041D /* AuthenticationService.swift */; };
		F0C48DF7279D67BF0011041D /* AuthenticationViewController.storyboard in Resources */ = {isa = PBXBuildFile; fileRef = F0C48DF6279D67BF0011041D /* AuthenticationViewController.storyboard */; };
		F0C48DFB279D85EF0011041D /* AuthenticationViewController.swift in Sources */ = {isa = PBXBuildFile; fileRef = F0C48DFA279D85EF0011041D /* AuthenticationViewController.swift */; };
		F0C48E03279EFD6A0011041D /* StoryboardLoader.swift in Sources */ = {isa = PBXBuildFile; fileRef = F0C48E02279EFD6A0011041D /* StoryboardLoader.swift */; };
		F0C48E0C27A02DE60011041D /* NetworkService.swift in Sources */ = {isa = PBXBuildFile; fileRef = F0C48E0B27A02DE60011041D /* NetworkService.swift */; };
		F0C48E0E27A02FB20011041D /* API.swift in Sources */ = {isa = PBXBuildFile; fileRef = F0C48E0D27A02FB20011041D /* API.swift */; };
		F0C48E1127A054270011041D /* FeedResponse.swift in Sources */ = {isa = PBXBuildFile; fileRef = F0C48E1027A054270011041D /* FeedResponse.swift */; };
		F0C48E1527A18C290011041D /* ResponseFetcher.swift in Sources */ = {isa = PBXBuildFile; fileRef = F0C48E1427A18C290011041D /* ResponseFetcher.swift */; };
		F0C48E3A27A2F98A0011041D /* NewsFeedCell.swift in Sources */ = {isa = PBXBuildFile; fileRef = F0C48E3927A2F98A0011041D /* NewsFeedCell.swift */; };
		F0C48E3C27A43EC50011041D /* NewsFeedCellConstants.swift in Sources */ = {isa = PBXBuildFile; fileRef = F0C48E3B27A43EC50011041D /* NewsFeedCellConstants.swift */; };
		F0C48E3F27A446020011041D /* WebimageView.swift in Sources */ = {isa = PBXBuildFile; fileRef = F0C48E3E27A446020011041D /* WebimageView.swift */; };
		F0C48E4127A807580011041D /* NewsFeedCellLayoutCalculator.swift in Sources */ = {isa = PBXBuildFile; fileRef = F0C48E4027A807580011041D /* NewsFeedCellLayoutCalculator.swift */; };
		F0C48E4327A832E60011041D /* String+ Height.swift in Sources */ = {isa = PBXBuildFile; fileRef = F0C48E4227A832E60011041D /* String+ Height.swift */; };
		F0C48E4627A9926B0011041D /* GalleryCollectionView.swift in Sources */ = {isa = PBXBuildFile; fileRef = F0C48E4527A9926B0011041D /* GalleryCollectionView.swift */; };
		F0C48E4827A993D00011041D /* GalleryCollectionViewCell.swift in Sources */ = {isa = PBXBuildFile; fileRef = F0C48E4727A993D00011041D /* GalleryCollectionViewCell.swift */; };
		F0C48E4A27A9CC790011041D /* RowLayout.swift in Sources */ = {isa = PBXBuildFile; fileRef = F0C48E4927A9CC790011041D /* RowLayout.swift */; };
		F0C48E4D27AB06A30011041D /* TitleView.swift in Sources */ = {isa = PBXBuildFile; fileRef = F0C48E4C27AB06A30011041D /* TitleView.swift */; };
		F0C48E4F27AB1BE10011041D /* InsetableTextField.swift in Sources */ = {isa = PBXBuildFile; fileRef = F0C48E4E27AB1BE10011041D /* InsetableTextField.swift */; };
		F0DFFC19279D5A2300D911A2 /* AppDelegate.swift in Sources */ = {isa = PBXBuildFile; fileRef = F0DFFC18279D5A2300D911A2 /* AppDelegate.swift */; };
		F0DFFC1B279D5A2300D911A2 /* SceneDelegate.swift in Sources */ = {isa = PBXBuildFile; fileRef = F0DFFC1A279D5A2300D911A2 /* SceneDelegate.swift */; };
		F0DFFC22279D5A2300D911A2 /* Assets.xcassets in Resources */ = {isa = PBXBuildFile; fileRef = F0DFFC21279D5A2300D911A2 /* Assets.xcassets */; };
		F0DFFC25279D5A2300D911A2 /* LaunchScreen.storyboard in Resources */ = {isa = PBXBuildFile; fileRef = F0DFFC23279D5A2300D911A2 /* LaunchScreen.storyboard */; };
/* End PBXBuildFile section */

/* Begin PBXFileReference section */
		1E6DD2B7959CFE9CC0E27A85 /* Pods_VKAppFeed.framework */ = {isa = PBXFileReference; explicitFileType = wrapper.framework; includeInIndex = 0; path = Pods_VKAppFeed.framework; sourceTree = BUILT_PRODUCTS_DIR; };
		AD435C097BE6F9CAB46C3FF8 /* Pods-VKAppFeed.debug.xcconfig */ = {isa = PBXFileReference; includeInIndex = 1; lastKnownFileType = text.xcconfig; name = "Pods-VKAppFeed.debug.xcconfig"; path = "Target Support Files/Pods-VKAppFeed/Pods-VKAppFeed.debug.xcconfig"; sourceTree = "<group>"; };
		F0164A8D27AC475F008CBA53 /* UserRresponse.swift */ = {isa = PBXFileReference; lastKnownFileType = sourcecode.swift; path = UserRresponse.swift; sourceTree = "<group>"; };
		F0164A9027B167DD008CBA53 /* FooterView.swift */ = {isa = PBXFileReference; lastKnownFileType = sourcecode.swift; path = FooterView.swift; sourceTree = "<group>"; };
		F0164A9227B170C9008CBA53 /* Localizable.stringsdict */ = {isa = PBXFileReference; lastKnownFileType = text.plist.stringsdict; path = Localizable.stringsdict; sourceTree = "<group>"; };
		F0164A9427B1ABD5008CBA53 /* GradientView.swift */ = {isa = PBXFileReference; lastKnownFileType = sourcecode.swift; path = GradientView.swift; sourceTree = "<group>"; };
		F04DF3F027AC26DE00B69DDB /* NewsFeedInteractor.swift */ = {isa = PBXFileReference; lastKnownFileType = sourcecode.swift; path = NewsFeedInteractor.swift; sourceTree = "<group>"; };
		F04DF3F227AC26FA00B69DDB /* NewsFeedModels.swift */ = {isa = PBXFileReference; lastKnownFileType = sourcecode.swift; path = NewsFeedModels.swift; sourceTree = "<group>"; };
		F04DF3F427AC270700B69DDB /* NewsFeedPresenter.swift */ = {isa = PBXFileReference; lastKnownFileType = sourcecode.swift; path = NewsFeedPresenter.swift; sourceTree = "<group>"; };
		F04DF3F627AC271600B69DDB /* NewsFeedRouter.swift */ = {isa = PBXFileReference; lastKnownFileType = sourcecode.swift; path = NewsFeedRouter.swift; sourceTree = "<group>"; };
		F04DF3F827AC272500B69DDB /* NewsFeedViewController.swift */ = {isa = PBXFileReference; lastKnownFileType = sourcecode.swift; path = NewsFeedViewController.swift; sourceTree = "<group>"; };
		F04DF3FA27AC273400B69DDB /* NewsFeedWorker.swift */ = {isa = PBXFileReference; lastKnownFileType = sourcecode.swift; path = NewsFeedWorker.swift; sourceTree = "<group>"; };
		F0C48DEF279D637E0011041D /* AuthenticationService.swift */ = {isa = PBXFileReference; lastKnownFileType = sourcecode.swift; path = AuthenticationService.swift; sourceTree = "<group>"; };
		F0C48DF6279D67BF0011041D /* AuthenticationViewController.storyboard */ = {isa = PBXFileReference; lastKnownFileType = file.storyboard; path = AuthenticationViewController.storyboard; sourceTree = "<group>"; };
		F0C48DFA279D85EF0011041D /* AuthenticationViewController.swift */ = {isa = PBXFileReference; lastKnownFileType = sourcecode.swift; path = AuthenticationViewController.swift; sourceTree = "<group>"; };
		F0C48E02279EFD6A0011041D /* StoryboardLoader.swift */ = {isa = PBXFileReference; lastKnownFileType = sourcecode.swift; path = StoryboardLoader.swift; sourceTree = "<group>"; };
		F0C48E0B27A02DE60011041D /* NetworkService.swift */ = {isa = PBXFileReference; lastKnownFileType = sourcecode.swift; path = NetworkService.swift; sourceTree = "<group>"; };
		F0C48E0D27A02FB20011041D /* API.swift */ = {isa = PBXFileReference; lastKnownFileType = sourcecode.swift; path = API.swift; sourceTree = "<group>"; };
		F0C48E1027A054270011041D /* FeedResponse.swift */ = {isa = PBXFileReference; lastKnownFileType = sourcecode.swift; path = FeedResponse.swift; sourceTree = "<group>"; };
		F0C48E1427A18C290011041D /* ResponseFetcher.swift */ = {isa = PBXFileReference; lastKnownFileType = sourcecode.swift; path = ResponseFetcher.swift; sourceTree = "<group>"; };
		F0C48E3927A2F98A0011041D /* NewsFeedCell.swift */ = {isa = PBXFileReference; lastKnownFileType = sourcecode.swift; path = NewsFeedCell.swift; sourceTree = "<group>"; };
		F0C48E3B27A43EC50011041D /* NewsFeedCellConstants.swift */ = {isa = PBXFileReference; lastKnownFileType = sourcecode.swift; path = NewsFeedCellConstants.swift; sourceTree = "<group>"; };
		F0C48E3E27A446020011041D /* WebimageView.swift */ = {isa = PBXFileReference; lastKnownFileType = sourcecode.swift; path = WebimageView.swift; sourceTree = "<group>"; };
		F0C48E4027A807580011041D /* NewsFeedCellLayoutCalculator.swift */ = {isa = PBXFileReference; lastKnownFileType = sourcecode.swift; path = NewsFeedCellLayoutCalculator.swift; sourceTree = "<group>"; };
		F0C48E4227A832E60011041D /* String+ Height.swift */ = {isa = PBXFileReference; lastKnownFileType = sourcecode.swift; path = "String+ Height.swift"; sourceTree = "<group>"; };
		F0C48E4527A9926B0011041D /* GalleryCollectionView.swift */ = {isa = PBXFileReference; lastKnownFileType = sourcecode.swift; path = GalleryCollectionView.swift; sourceTree = "<group>"; };
		F0C48E4727A993D00011041D /* GalleryCollectionViewCell.swift */ = {isa = PBXFileReference; lastKnownFileType = sourcecode.swift; path = GalleryCollectionViewCell.swift; sourceTree = "<group>"; };
		F0C48E4927A9CC790011041D /* RowLayout.swift */ = {isa = PBXFileReference; lastKnownFileType = sourcecode.swift; path = RowLayout.swift; sourceTree = "<group>"; };
		F0C48E4C27AB06A30011041D /* TitleView.swift */ = {isa = PBXFileReference; lastKnownFileType = sourcecode.swift; path = TitleView.swift; sourceTree = "<group>"; };
		F0C48E4E27AB1BE10011041D /* InsetableTextField.swift */ = {isa = PBXFileReference; lastKnownFileType = sourcecode.swift; path = InsetableTextField.swift; sourceTree = "<group>"; };
		F0DFFC15279D5A2300D911A2 /* VKAppFeed.app */ = {isa = PBXFileReference; explicitFileType = wrapper.application; includeInIndex = 0; path = VKAppFeed.app; sourceTree = BUILT_PRODUCTS_DIR; };
		F0DFFC18279D5A2300D911A2 /* AppDelegate.swift */ = {isa = PBXFileReference; lastKnownFileType = sourcecode.swift; path = AppDelegate.swift; sourceTree = "<group>"; };
		F0DFFC1A279D5A2300D911A2 /* SceneDelegate.swift */ = {isa = PBXFileReference; lastKnownFileType = sourcecode.swift; path = SceneDelegate.swift; sourceTree = "<group>"; };
		F0DFFC21279D5A2300D911A2 /* Assets.xcassets */ = {isa = PBXFileReference; lastKnownFileType = folder.assetcatalog; path = Assets.xcassets; sourceTree = "<group>"; };
		F0DFFC24279D5A2300D911A2 /* Base */ = {isa = PBXFileReference; lastKnownFileType = file.storyboard; name = Base; path = Base.lproj/LaunchScreen.storyboard; sourceTree = "<group>"; };
		F0DFFC26279D5A2300D911A2 /* Info.plist */ = {isa = PBXFileReference; lastKnownFileType = text.plist.xml; path = Info.plist; sourceTree = "<group>"; };
		F9953A2B7478C800376A9FE3 /* Pods-VKAppFeed.release.xcconfig */ = {isa = PBXFileReference; includeInIndex = 1; lastKnownFileType = text.xcconfig; name = "Pods-VKAppFeed.release.xcconfig"; path = "Target Support Files/Pods-VKAppFeed/Pods-VKAppFeed.release.xcconfig"; sourceTree = "<group>"; };
/* End PBXFileReference section */

/* Begin PBXFrameworksBuildPhase section */
		F0DFFC12279D5A2300D911A2 /* Frameworks */ = {
			isa = PBXFrameworksBuildPhase;
			buildActionMask = 2147483647;
			files = (
				5A005A76A4D8C92E8AF35517 /* Pods_VKAppFeed.framework in Frameworks */,
			);
			runOnlyForDeploymentPostprocessing = 0;
		};
/* End PBXFrameworksBuildPhase section */

/* Begin PBXGroup section */
		2DDFAC30426D3DB9929519D2 /* Pods */ = {
			isa = PBXGroup;
			children = (
				AD435C097BE6F9CAB46C3FF8 /* Pods-VKAppFeed.debug.xcconfig */,
				F9953A2B7478C800376A9FE3 /* Pods-VKAppFeed.release.xcconfig */,
			);
			path = Pods;
			sourceTree = "<group>";
		};
		9AC4FE56E8DBD310AC2956BE /* Frameworks */ = {
			isa = PBXGroup;
			children = (
				1E6DD2B7959CFE9CC0E27A85 /* Pods_VKAppFeed.framework */,
			);
			name = Frameworks;
			sourceTree = "<group>";
		};
		F0164A8F27B167CB008CBA53 /* FooterView */ = {
			isa = PBXGroup;
			children = (
				F0164A9027B167DD008CBA53 /* FooterView.swift */,
			);
			path = FooterView;
			sourceTree = "<group>";
		};
		F0164A9627B1AC8D008CBA53 /* GradientView */ = {
			isa = PBXGroup;
			children = (
				F0164A9427B1ABD5008CBA53 /* GradientView.swift */,
			);
			path = GradientView;
			sourceTree = "<group>";
		};
		F0C48DF1279D63A40011041D /* Services */ = {
			isa = PBXGroup;
			children = (
				F0C48E0F27A054160011041D /* Models */,
				F0C48DEF279D637E0011041D /* AuthenticationService.swift */,
				F0C48E1427A18C290011041D /* ResponseFetcher.swift */,
				F0C48E0B27A02DE60011041D /* NetworkService.swift */,
				F0C48E0D27A02FB20011041D /* API.swift */,
			);
			path = Services;
			sourceTree = "<group>";
		};
		F0C48DFD279D86310011041D /* Authentication */ = {
			isa = PBXGroup;
			children = (
				F0C48DFA279D85EF0011041D /* AuthenticationViewController.swift */,
				F0C48DF6279D67BF0011041D /* AuthenticationViewController.storyboard */,
			);
			path = Authentication;
			sourceTree = "<group>";
		};
		F0C48E0F27A054160011041D /* Models */ = {
			isa = PBXGroup;
			children = (
				F0C48E1027A054270011041D /* FeedResponse.swift */,
				F0164A8D27AC475F008CBA53 /* UserRresponse.swift */,
			);
			path = Models;
			sourceTree = "<group>";
		};
		F0C48E2727A1B57E0011041D /* NewsFeed */ = {
			isa = PBXGroup;
			children = (
				F0164A9627B1AC8D008CBA53 /* GradientView */,
				F0164A8F27B167CB008CBA53 /* FooterView */,
				F0C48E4B27AB06740011041D /* TitleView */,
				F0C48E4427A9923E0011041D /* GalleryView */,
				F0C48E3827A2F9740011041D /* Cell */,
				F04DF3F027AC26DE00B69DDB /* NewsFeedInteractor.swift */,
				F04DF3F227AC26FA00B69DDB /* NewsFeedModels.swift */,
				F04DF3F427AC270700B69DDB /* NewsFeedPresenter.swift */,
				F04DF3F627AC271600B69DDB /* NewsFeedRouter.swift */,
				F04DF3F827AC272500B69DDB /* NewsFeedViewController.swift */,
				F04DF3FA27AC273400B69DDB /* NewsFeedWorker.swift */,
			);
			path = NewsFeed;
			sourceTree = "<group>";
		};
		F0C48E3827A2F9740011041D /* Cell */ = {
			isa = PBXGroup;
			children = (
				F0C48E3927A2F98A0011041D /* NewsFeedCell.swift */,
				F0C48E3B27A43EC50011041D /* NewsFeedCellConstants.swift */,
				F0C48E4027A807580011041D /* NewsFeedCellLayoutCalculator.swift */,
			);
			path = Cell;
			sourceTree = "<group>";
		};
		F0C48E3D27A445E70011041D /* Helpers */ = {
			isa = PBXGroup;
			children = (
				F0C48E3E27A446020011041D /* WebimageView.swift */,
				F0C48E4227A832E60011041D /* String+ Height.swift */,
			);
			path = Helpers;
			sourceTree = "<group>";
		};
		F0C48E4427A9923E0011041D /* GalleryView */ = {
			isa = PBXGroup;
			children = (
				F0C48E4527A9926B0011041D /* GalleryCollectionView.swift */,
				F0C48E4727A993D00011041D /* GalleryCollectionViewCell.swift */,
				F0C48E4927A9CC790011041D /* RowLayout.swift */,
			);
			path = GalleryView;
			sourceTree = "<group>";
		};
		F0C48E4B27AB06740011041D /* TitleView */ = {
			isa = PBXGroup;
			children = (
				F0C48E4C27AB06A30011041D /* TitleView.swift */,
				F0C48E4E27AB1BE10011041D /* InsetableTextField.swift */,
			);
			path = TitleView;
			sourceTree = "<group>";
		};
		F0DFFC0C279D5A2300D911A2 = {
			isa = PBXGroup;
			children = (
				F0DFFC17279D5A2300D911A2 /* VKAppFeed */,
				F0DFFC16279D5A2300D911A2 /* Products */,
				2DDFAC30426D3DB9929519D2 /* Pods */,
				9AC4FE56E8DBD310AC2956BE /* Frameworks */,
			);
			sourceTree = "<group>";
		};
		F0DFFC16279D5A2300D911A2 /* Products */ = {
			isa = PBXGroup;
			children = (
				F0DFFC15279D5A2300D911A2 /* VKAppFeed.app */,
			);
			name = Products;
			sourceTree = "<group>";
		};
		F0DFFC17279D5A2300D911A2 /* VKAppFeed */ = {
			isa = PBXGroup;
			children = (
				F0C48E3D27A445E70011041D /* Helpers */,
				F0C48E2727A1B57E0011041D /* NewsFeed */,
				F0C48DFD279D86310011041D /* Authentication */,
				F0C48DF1279D63A40011041D /* Services */,
				F0DFFC18279D5A2300D911A2 /* AppDelegate.swift */,
				F0DFFC1A279D5A2300D911A2 /* SceneDelegate.swift */,
				F0DFFC21279D5A2300D911A2 /* Assets.xcassets */,
				F0DFFC23279D5A2300D911A2 /* LaunchScreen.storyboard */,
				F0164A9227B170C9008CBA53 /* Localizable.stringsdict */,
				F0DFFC26279D5A2300D911A2 /* Info.plist */,
				F0C48E02279EFD6A0011041D /* StoryboardLoader.swift */,
			);
			path = VKAppFeed;
			sourceTree = "<group>";
		};
/* End PBXGroup section */

/* Begin PBXNativeTarget section */
		F0DFFC14279D5A2300D911A2 /* VKAppFeed */ = {
			isa = PBXNativeTarget;
			buildConfigurationList = F0DFFC29279D5A2300D911A2 /* Build configuration list for PBXNativeTarget "VKAppFeed" */;
			buildPhases = (
				D9DB6988F6FD84C06C0AE9D6 /* [CP] Check Pods Manifest.lock */,
				F0DFFC11279D5A2300D911A2 /* Sources */,
				F0DFFC12279D5A2300D911A2 /* Frameworks */,
				F0DFFC13279D5A2300D911A2 /* Resources */,
				A82E8B7D1931415C0C151F36 /* [CP] Embed Pods Frameworks */,
			);
			buildRules = (
			);
			dependencies = (
			);
			name = VKAppFeed;
			productName = VKAppFeed;
			productReference = F0DFFC15279D5A2300D911A2 /* VKAppFeed.app */;
			productType = "com.apple.product-type.application";
		};
/* End PBXNativeTarget section */

/* Begin PBXProject section */
		F0DFFC0D279D5A2300D911A2 /* Project object */ = {
			isa = PBXProject;
			attributes = {
				BuildIndependentTargetsInParallel = 1;
				LastSwiftUpdateCheck = 1320;
				LastUpgradeCheck = 1320;
				TargetAttributes = {
					F0DFFC14279D5A2300D911A2 = {
						CreatedOnToolsVersion = 13.2.1;
					};
				};
			};
			buildConfigurationList = F0DFFC10279D5A2300D911A2 /* Build configuration list for PBXProject "VKAppFeed" */;
			compatibilityVersion = "Xcode 13.0";
			developmentRegion = en;
			hasScannedForEncodings = 0;
			knownRegions = (
				en,
				Base,
			);
			mainGroup = F0DFFC0C279D5A2300D911A2;
			productRefGroup = F0DFFC16279D5A2300D911A2 /* Products */;
			projectDirPath = "";
			projectRoot = "";
			targets = (
				F0DFFC14279D5A2300D911A2 /* VKAppFeed */,
			);
		};
/* End PBXProject section */

/* Begin PBXResourcesBuildPhase section */
		F0DFFC13279D5A2300D911A2 /* Resources */ = {
			isa = PBXResourcesBuildPhase;
			buildActionMask = 2147483647;
			files = (
				F0DFFC25279D5A2300D911A2 /* LaunchScreen.storyboard in Resources */,
				F0164A9327B170C9008CBA53 /* Localizable.stringsdict in Resources */,
				F0C48DF7279D67BF0011041D /* AuthenticationViewController.storyboard in Resources */,
				F0DFFC22279D5A2300D911A2 /* Assets.xcassets in Resources */,
			);
			runOnlyForDeploymentPostprocessing = 0;
		};
/* End PBXResourcesBuildPhase section */

/* Begin PBXShellScriptBuildPhase section */
		A82E8B7D1931415C0C151F36 /* [CP] Embed Pods Frameworks */ = {
			isa = PBXShellScriptBuildPhase;
			buildActionMask = 2147483647;
			files = (
			);
			inputFileListPaths = (
				"${PODS_ROOT}/Target Support Files/Pods-VKAppFeed/Pods-VKAppFeed-frameworks-${CONFIGURATION}-input-files.xcfilelist",
			);
			name = "[CP] Embed Pods Frameworks";
			outputFileListPaths = (
				"${PODS_ROOT}/Target Support Files/Pods-VKAppFeed/Pods-VKAppFeed-frameworks-${CONFIGURATION}-output-files.xcfilelist",
			);
			runOnlyForDeploymentPostprocessing = 0;
			shellPath = /bin/sh;
			shellScript = "\"${PODS_ROOT}/Target Support Files/Pods-VKAppFeed/Pods-VKAppFeed-frameworks.sh\"\n";
			showEnvVarsInLog = 0;
		};
		D9DB6988F6FD84C06C0AE9D6 /* [CP] Check Pods Manifest.lock */ = {
			isa = PBXShellScriptBuildPhase;
			buildActionMask = 2147483647;
			files = (
			);
			inputFileListPaths = (
			);
			inputPaths = (
				"${PODS_PODFILE_DIR_PATH}/Podfile.lock",
				"${PODS_ROOT}/Manifest.lock",
			);
			name = "[CP] Check Pods Manifest.lock";
			outputFileListPaths = (
			);
			outputPaths = (
				"$(DERIVED_FILE_DIR)/Pods-VKAppFeed-checkManifestLockResult.txt",
			);
			runOnlyForDeploymentPostprocessing = 0;
			shellPath = /bin/sh;
			shellScript = "diff \"${PODS_PODFILE_DIR_PATH}/Podfile.lock\" \"${PODS_ROOT}/Manifest.lock\" > /dev/null\nif [ $? != 0 ] ; then\n    # print error to STDERR\n    echo \"error: The sandbox is not in sync with the Podfile.lock. Run 'pod install' or update your CocoaPods installation.\" >&2\n    exit 1\nfi\n# This output is used by Xcode 'outputs' to avoid re-running this script phase.\necho \"SUCCESS\" > \"${SCRIPT_OUTPUT_FILE_0}\"\n";
			showEnvVarsInLog = 0;
		};
/* End PBXShellScriptBuildPhase section */

/* Begin PBXSourcesBuildPhase section */
		F0DFFC11279D5A2300D911A2 /* Sources */ = {
			isa = PBXSourcesBuildPhase;
			buildActionMask = 2147483647;
			files = (
				F0C48E4627A9926B0011041D /* GalleryCollectionView.swift in Sources */,
				F0C48E1527A18C290011041D /* ResponseFetcher.swift in Sources */,
				F0C48E4A27A9CC790011041D /* RowLayout.swift in Sources */,
				F0164A9127B167DD008CBA53 /* FooterView.swift in Sources */,
				F0C48E03279EFD6A0011041D /* StoryboardLoader.swift in Sources */,
				F0C48DFB279D85EF0011041D /* AuthenticationViewController.swift in Sources */,
				F04DF3F727AC271600B69DDB /* NewsFeedRouter.swift in Sources */,
				F0C48E4F27AB1BE10011041D /* InsetableTextField.swift in Sources */,
				F04DF3F327AC26FA00B69DDB /* NewsFeedModels.swift in Sources */,
				F0C48E0C27A02DE60011041D /* NetworkService.swift in Sources */,
				F0C48E3F27A446020011041D /* WebimageView.swift in Sources */,
				F0DFFC19279D5A2300D911A2 /* AppDelegate.swift in Sources */,
				F04DF3F527AC270700B69DDB /* NewsFeedPresenter.swift in Sources */,
				F0DFFC1B279D5A2300D911A2 /* SceneDelegate.swift in Sources */,
				F0C48E1127A054270011041D /* FeedResponse.swift in Sources */,
				F0C48E4127A807580011041D /* NewsFeedCellLayoutCalculator.swift in Sources */,
				F0C48E4327A832E60011041D /* String+ Height.swift in Sources */,
				F0C48E0E27A02FB20011041D /* API.swift in Sources */,
				F0164A9527B1ABD5008CBA53 /* GradientView.swift in Sources */,
				F0C48DF0279D637E0011041D /* AuthenticationService.swift in Sources */,
				F0C48E3C27A43EC50011041D /* NewsFeedCellConstants.swift in Sources */,
				F04DF3F127AC26DE00B69DDB /* NewsFeedInteractor.swift in Sources */,
				F0164A8E27AC475F008CBA53 /* UserRresponse.swift in Sources */,
				F0C48E4827A993D00011041D /* GalleryCollectionViewCell.swift in Sources */,
				F0C48E3A27A2F98A0011041D /* NewsFeedCell.swift in Sources */,
				F04DF3FB27AC273400B69DDB /* NewsFeedWorker.swift in Sources */,
				F0C48E4D27AB06A30011041D /* TitleView.swift in Sources */,
				F04DF3F927AC272500B69DDB /* NewsFeedViewController.swift in Sources */,
			);
			runOnlyForDeploymentPostprocessing = 0;
		};
/* End PBXSourcesBuildPhase section */

/* Begin PBXVariantGroup section */
		F0DFFC23279D5A2300D911A2 /* LaunchScreen.storyboard */ = {
			isa = PBXVariantGroup;
			children = (
				F0DFFC24279D5A2300D911A2 /* Base */,
			);
			name = LaunchScreen.storyboard;
			sourceTree = "<group>";
		};
/* End PBXVariantGroup section */

/* Begin XCBuildConfiguration section */
		F0DFFC27279D5A2300D911A2 /* Debug */ = {
			isa = XCBuildConfiguration;
			buildSettings = {
				ALWAYS_SEARCH_USER_PATHS = NO;
				CLANG_ANALYZER_NONNULL = YES;
				CLANG_ANALYZER_NUMBER_OBJECT_CONVERSION = YES_AGGRESSIVE;
				CLANG_CXX_LANGUAGE_STANDARD = "gnu++17";
				CLANG_CXX_LIBRARY = "libc++";
				CLANG_ENABLE_MODULES = YES;
				CLANG_ENABLE_OBJC_ARC = YES;
				CLANG_ENABLE_OBJC_WEAK = YES;
				CLANG_WARN_BLOCK_CAPTURE_AUTORELEASING = YES;
				CLANG_WARN_BOOL_CONVERSION = YES;
				CLANG_WARN_COMMA = YES;
				CLANG_WARN_CONSTANT_CONVERSION = YES;
				CLANG_WARN_DEPRECATED_OBJC_IMPLEMENTATIONS = YES;
				CLANG_WARN_DIRECT_OBJC_ISA_USAGE = YES_ERROR;
				CLANG_WARN_DOCUMENTATION_COMMENTS = YES;
				CLANG_WARN_EMPTY_BODY = YES;
				CLANG_WARN_ENUM_CONVERSION = YES;
				CLANG_WARN_INFINITE_RECURSION = YES;
				CLANG_WARN_INT_CONVERSION = YES;
				CLANG_WARN_NON_LITERAL_NULL_CONVERSION = YES;
				CLANG_WARN_OBJC_IMPLICIT_RETAIN_SELF = YES;
				CLANG_WARN_OBJC_LITERAL_CONVERSION = YES;
				CLANG_WARN_OBJC_ROOT_CLASS = YES_ERROR;
				CLANG_WARN_QUOTED_INCLUDE_IN_FRAMEWORK_HEADER = YES;
				CLANG_WARN_RANGE_LOOP_ANALYSIS = YES;
				CLANG_WARN_STRICT_PROTOTYPES = YES;
				CLANG_WARN_SUSPICIOUS_MOVE = YES;
				CLANG_WARN_UNGUARDED_AVAILABILITY = YES_AGGRESSIVE;
				CLANG_WARN_UNREACHABLE_CODE = YES;
				CLANG_WARN__DUPLICATE_METHOD_MATCH = YES;
				COPY_PHASE_STRIP = NO;
				DEBUG_INFORMATION_FORMAT = dwarf;
				ENABLE_STRICT_OBJC_MSGSEND = YES;
				ENABLE_TESTABILITY = YES;
				GCC_C_LANGUAGE_STANDARD = gnu11;
				GCC_DYNAMIC_NO_PIC = NO;
				GCC_NO_COMMON_BLOCKS = YES;
				GCC_OPTIMIZATION_LEVEL = 0;
				GCC_PREPROCESSOR_DEFINITIONS = (
					"DEBUG=1",
					"$(inherited)",
				);
				GCC_WARN_64_TO_32_BIT_CONVERSION = YES;
				GCC_WARN_ABOUT_RETURN_TYPE = YES_ERROR;
				GCC_WARN_UNDECLARED_SELECTOR = YES;
				GCC_WARN_UNINITIALIZED_AUTOS = YES_AGGRESSIVE;
				GCC_WARN_UNUSED_FUNCTION = YES;
				GCC_WARN_UNUSED_VARIABLE = YES;
				IPHONEOS_DEPLOYMENT_TARGET = 15.2;
				MTL_ENABLE_DEBUG_INFO = INCLUDE_SOURCE;
				MTL_FAST_MATH = YES;
				ONLY_ACTIVE_ARCH = YES;
				SDKROOT = iphoneos;
				SWIFT_ACTIVE_COMPILATION_CONDITIONS = DEBUG;
				SWIFT_OPTIMIZATION_LEVEL = "-Onone";
			};
			name = Debug;
		};
		F0DFFC28279D5A2300D911A2 /* Release */ = {
			isa = XCBuildConfiguration;
			buildSettings = {
				ALWAYS_SEARCH_USER_PATHS = NO;
				CLANG_ANALYZER_NONNULL = YES;
				CLANG_ANALYZER_NUMBER_OBJECT_CONVERSION = YES_AGGRESSIVE;
				CLANG_CXX_LANGUAGE_STANDARD = "gnu++17";
				CLANG_CXX_LIBRARY = "libc++";
				CLANG_ENABLE_MODULES = YES;
				CLANG_ENABLE_OBJC_ARC = YES;
				CLANG_ENABLE_OBJC_WEAK = YES;
				CLANG_WARN_BLOCK_CAPTURE_AUTORELEASING = YES;
				CLANG_WARN_BOOL_CONVERSION = YES;
				CLANG_WARN_COMMA = YES;
				CLANG_WARN_CONSTANT_CONVERSION = YES;
				CLANG_WARN_DEPRECATED_OBJC_IMPLEMENTATIONS = YES;
				CLANG_WARN_DIRECT_OBJC_ISA_USAGE = YES_ERROR;
				CLANG_WARN_DOCUMENTATION_COMMENTS = YES;
				CLANG_WARN_EMPTY_BODY = YES;
				CLANG_WARN_ENUM_CONVERSION = YES;
				CLANG_WARN_INFINITE_RECURSION = YES;
				CLANG_WARN_INT_CONVERSION = YES;
				CLANG_WARN_NON_LITERAL_NULL_CONVERSION = YES;
				CLANG_WARN_OBJC_IMPLICIT_RETAIN_SELF = YES;
				CLANG_WARN_OBJC_LITERAL_CONVERSION = YES;
				CLANG_WARN_OBJC_ROOT_CLASS = YES_ERROR;
				CLANG_WARN_QUOTED_INCLUDE_IN_FRAMEWORK_HEADER = YES;
				CLANG_WARN_RANGE_LOOP_ANALYSIS = YES;
				CLANG_WARN_STRICT_PROTOTYPES = YES;
				CLANG_WARN_SUSPICIOUS_MOVE = YES;
				CLANG_WARN_UNGUARDED_AVAILABILITY = YES_AGGRESSIVE;
				CLANG_WARN_UNREACHABLE_CODE = YES;
				CLANG_WARN__DUPLICATE_METHOD_MATCH = YES;
				COPY_PHASE_STRIP = NO;
				DEBUG_INFORMATION_FORMAT = "dwarf-with-dsym";
				ENABLE_NS_ASSERTIONS = NO;
				ENABLE_STRICT_OBJC_MSGSEND = YES;
				GCC_C_LANGUAGE_STANDARD = gnu11;
				GCC_NO_COMMON_BLOCKS = YES;
				GCC_WARN_64_TO_32_BIT_CONVERSION = YES;
				GCC_WARN_ABOUT_RETURN_TYPE = YES_ERROR;
				GCC_WARN_UNDECLARED_SELECTOR = YES;
				GCC_WARN_UNINITIALIZED_AUTOS = YES_AGGRESSIVE;
				GCC_WARN_UNUSED_FUNCTION = YES;
				GCC_WARN_UNUSED_VARIABLE = YES;
				IPHONEOS_DEPLOYMENT_TARGET = 15.2;
				MTL_ENABLE_DEBUG_INFO = NO;
				MTL_FAST_MATH = YES;
				SDKROOT = iphoneos;
				SWIFT_COMPILATION_MODE = wholemodule;
				SWIFT_OPTIMIZATION_LEVEL = "-O";
				VALIDATE_PRODUCT = YES;
			};
			name = Release;
		};
		F0DFFC2A279D5A2300D911A2 /* Debug */ = {
			isa = XCBuildConfiguration;
			baseConfigurationReference = AD435C097BE6F9CAB46C3FF8 /* Pods-VKAppFeed.debug.xcconfig */;
			buildSettings = {
				ASSETCATALOG_COMPILER_APPICON_NAME = AppIcon;
				ASSETCATALOG_COMPILER_GLOBAL_ACCENT_COLOR_NAME = AccentColor;
				CODE_SIGN_STYLE = Automatic;
				CURRENT_PROJECT_VERSION = 1;
				DEVELOPMENT_TEAM = 43YW7WBN9A;
				GENERATE_INFOPLIST_FILE = YES;
				INFOPLIST_FILE = VKAppFeed/Info.plist;
				INFOPLIST_KEY_UIApplicationSupportsIndirectInputEvents = YES;
				INFOPLIST_KEY_UILaunchStoryboardName = LaunchScreen;
				INFOPLIST_KEY_UISupportedInterfaceOrientations_iPad = "UIInterfaceOrientationPortrait UIInterfaceOrientationPortraitUpsideDown UIInterfaceOrientationLandscapeLeft UIInterfaceOrientationLandscapeRight";
				INFOPLIST_KEY_UISupportedInterfaceOrientations_iPhone = "UIInterfaceOrientationPortrait UIInterfaceOrientationLandscapeLeft UIInterfaceOrientationLandscapeRight";
				LD_RUNPATH_SEARCH_PATHS = (
					"$(inherited)",
					"@executable_path/Frameworks",
				);
				MARKETING_VERSION = 1.0;
				PRODUCT_BUNDLE_IDENTIFIER = "Artyom-Amankeldiev.VKAppFeed";
				PRODUCT_NAME = "$(TARGET_NAME)";
				SWIFT_EMIT_LOC_STRINGS = YES;
				SWIFT_VERSION = 5.0;
				TARGETED_DEVICE_FAMILY = "1,2";
			};
			name = Debug;
		};
		F0DFFC2B279D5A2300D911A2 /* Release */ = {
			isa = XCBuildConfiguration;
			baseConfigurationReference = F9953A2B7478C800376A9FE3 /* Pods-VKAppFeed.release.xcconfig */;
			buildSettings = {
				ASSETCATALOG_COMPILER_APPICON_NAME = AppIcon;
				ASSETCATALOG_COMPILER_GLOBAL_ACCENT_COLOR_NAME = AccentColor;
				CODE_SIGN_STYLE = Automatic;
				CURRENT_PROJECT_VERSION = 1;
				DEVELOPMENT_TEAM = 43YW7WBN9A;
				GENERATE_INFOPLIST_FILE = YES;
				INFOPLIST_FILE = VKAppFeed/Info.plist;
				INFOPLIST_KEY_UIApplicationSupportsIndirectInputEvents = YES;
				INFOPLIST_KEY_UILaunchStoryboardName = LaunchScreen;
				INFOPLIST_KEY_UISupportedInterfaceOrientations_iPad = "UIInterfaceOrientationPortrait UIInterfaceOrientationPortraitUpsideDown UIInterfaceOrientationLandscapeLeft UIInterfaceOrientationLandscapeRight";
				INFOPLIST_KEY_UISupportedInterfaceOrientations_iPhone = "UIInterfaceOrientationPortrait UIInterfaceOrientationLandscapeLeft UIInterfaceOrientationLandscapeRight";
				LD_RUNPATH_SEARCH_PATHS = (
					"$(inherited)",
					"@executable_path/Frameworks",
				);
				MARKETING_VERSION = 1.0;
				PRODUCT_BUNDLE_IDENTIFIER = "Artyom-Amankeldiev.VKAppFeed";
				PRODUCT_NAME = "$(TARGET_NAME)";
				SWIFT_EMIT_LOC_STRINGS = YES;
				SWIFT_VERSION = 5.0;
				TARGETED_DEVICE_FAMILY = "1,2";
			};
			name = Release;
		};
/* End XCBuildConfiguration section */

/* Begin XCConfigurationList section */
		F0DFFC10279D5A2300D911A2 /* Build configuration list for PBXProject "VKAppFeed" */ = {
			isa = XCConfigurationList;
			buildConfigurations = (
				F0DFFC27279D5A2300D911A2 /* Debug */,
				F0DFFC28279D5A2300D911A2 /* Release */,
			);
			defaultConfigurationIsVisible = 0;
			defaultConfigurationName = Release;
		};
		F0DFFC29279D5A2300D911A2 /* Build configuration list for PBXNativeTarget "VKAppFeed" */ = {
			isa = XCConfigurationList;
			buildConfigurations = (
				F0DFFC2A279D5A2300D911A2 /* Debug */,
				F0DFFC2B279D5A2300D911A2 /* Release */,
			);
			defaultConfigurationIsVisible = 0;
			defaultConfigurationName = Release;
		};
/* End XCConfigurationList section */
	};
	rootObject = F0DFFC0D279D5A2300D911A2 /* Project object */;
}
